{
  "name": "git-ai-commit",
  "version": "1.0.0",
  "lockfileVersion": 3,
  "requires": true,
  "packages": {
    "": {
      "name": "git-ai-commit",
      "version": "1.0.0",
      "dependencies": {
        "chalk": "^5.3.0",
        "commander": "^11.1.0",
        "dotenv": "^16.6.1",
        "ollama": "^0.6.3",
        "openai": "^6.37.0"
      },
      "bin": {
        "git-ai-commit": "src/index.ts"
      },
      "devDependencies": {
        "@types/bun": "latest",
        "@types/node": "^25.7.0"
      }
    },
    "node_modules/@types/bun": {
      "version": "1.3.14",
      "resolved": "https://registry.npmjs.org/@types/bun/-/bun-1.3.14.tgz",
      "integrity": "sha512-h1hFqFVcvAvD9j9K7ZW7vd82aSA+rTdznZa+5bwvCwqSB1jmmfLcbIWhOLx1/+boy/xmjgCs/OMUL8hRJSmnPw==",
      "dev": true,
      "license": "MIT",
      "dependencies": {
        "bun-types": "1.3.14"
      }
    },
    "node_modules/@types/node": {
      "version": "25.7.0",
      "resolved": "https://registry.npmjs.org/@types/node/-/node-25.7.0.tgz",
      "integrity": "sha512-z+pdZyxE+RTQE9AcboAZCb4otwcrvgHD+GlBpPgn0emDVt0ohrTMhAwlr2Wd9nZ+nihhYFxO2pThz3C5qSu2Eg==",
      "dev": true,
      "license": "MIT",
      "dependencies": {
        "undici-types": "~7.21.0"
      }
    },
    "node_modules/bun-types": {
      "version": "1.3.14",
      "dev": true,
      "license": "MIT",
      "dependencies": {
        "@types/node": "*"
      }
    },
    "node_modules/chalk": {
      "version": "5.6.2",
      "license": "MIT",
      "engines": {
        "node": "^12.17.0 || ^14.13 || >=16.0.0"
      },
      "funding": {
        "url": "https://github.com/chalk/chalk?sponsor=1"
      }
    },
    "node_modules/commander": {
      "version": "11.1.0",
      "license": "MIT",
      "engines": {
        "node": ">=16"
      }
    },
    "node_modules/dotenv": {
      "version": "16.6.1",
      "resolved": "https://registry.npmjs.org/dotenv/-/dotenv-16.6.1.tgz",
      "integrity": "sha512-uBq4egWHTcTt33a72vpSG0z3HnPuIl6NqYcTrKEg2azoEyl2hpW0zqlxysq2pK9HlDIHyHyakeYaYnSAwd8bow==",
      "license": "BSD-2-Clause",
      "engines": {
        "node": ">=12"
      },
      "funding": {
        "url": "https://dotenvx.com"
      }
    },
    "node_modules/ollama": {
      "version": "0.6.3",
      "resolved": "https://registry.npmjs.org/ollama/-/ollama-0.6.3.tgz",
      "integrity": "sha512-KEWEhIqE5wtfzEIZbDCLH51VFZ6Z3ZSa6sIOg/E/tBV8S51flyqBOXi+bRxlOYKDf8i327zG9eSTb8IJxvm3Zg==",
      "license": "MIT",
      "dependencies": {
        "whatwg-fetch": "^3.6.20"
      }
    },
    "node_modules/openai": {
      "version": "6.37.0",
      "resolved": "https://registry.npmjs.org/openai/-/openai-6.37.0.tgz",
      "integrity": "sha512-0H5dEGFmmLv6KSd0W1w2nyL8WsLkX6yoLeQpU+dZAOuGcany5qkYQMmj35ZrKgb6yiyYqpUzFOpR8mZQkgqeEQ==",
      "license": "Apache-2.0",
      "bin": {
        "openai": "bin/cli"
      },
      "peerDependencies": {
        "ws": "^8.18.0",
        "zod": "^3.25 || ^4.0"
      },
      "peerDependenciesMeta": {
        "ws": {
          "optional": true
        },
        "zod": {
          "optional": true
        }
      }
    },
    "node_modules/undici-types": {
      "version": "7.21.0",
      "dev": true,
      "license": "MIT"
    },
    "node_modules/whatwg-fetch": {
      "version": "3.6.20",
      "resolved": "https://registry.npmjs.org/whatwg-fetch/-/whatwg-fetch-3.6.20.tgz",
      "integrity": "sha512-EqhiFU6daOA8kpjOWTL0olhVOF3i7OrFzSYiGsEMB8GcXS+RrzauAERX65xMeNWVqxA6HXH2m69Z9LaKKdisfg==",
      "license": "MIT"
    }
  }
}
